// !$*UTF8*$!
{
	archiveVersion = 1;
	classes = {
	};
	objectVersion = 50;
	objects = {

/* Begin PBXBuildFile section */
		BF2E29AC228F23E400AA2E50 /* CTEditMenu.m in Sources */ = {isa = PBXBuildFile; fileRef = BF2E29AB228F23E400AA2E50 /* CTEditMenu.m */; };
		BF2E29AF228F243600AA2E50 /* CTPresetMenu.m in Sources */ = {isa = PBXBuildFile; fileRef = BF2E29AE228F243600AA2E50 /* CTPresetMenu.m */; };
		BF2E29B2228F244F00AA2E50 /* CTSelectMenu.m in Sources */ = {isa = PBXBuildFile; fileRef = BF2E29B1228F244F00AA2E50 /* CTSelectMenu.m */; };
		BF2E29B5228F2F8600AA2E50 /* CTColorTimeMenu.m in Sources */ = {isa = PBXBuildFile; fileRef = BF2E29B4228F2F8600AA2E50 /* CTColorTimeMenu.m */; };
		BFD06D3C2294632600396634 /* CTUIWrapper.xib in Resources */ = {isa = PBXBuildFile; fileRef = BFD06D3B2294632600396634 /* CTUIWrapper.xib */; };
		BFD06D3F229463C300396634 /* CTUIWrapper.m in Sources */ = {isa = PBXBuildFile; fileRef = BFD06D3E229463C300396634 /* CTUIWrapper.m */; };
		BFDDE7AC228CDBC5002E97CF /* AppDelegate.m in Sources */ = {isa = PBXBuildFile; fileRef = BFDDE7AB228CDBC5002E97CF /* AppDelegate.m */; };
		BFDDE7AF228CDBC5002E97CF /* ViewController.m in Sources */ = {isa = PBXBuildFile; fileRef = BFDDE7AE228CDBC5002E97CF /* ViewController.m */; };
		BFDDE7B2228CDBC5002E97CF /* Main.storyboard in Resources */ = {isa = PBXBuildFile; fileRef = BFDDE7B0228CDBC5002E97CF /* Main.storyboard */; };
		BFDDE7B4228CDBC5002E97CF /* Assets.xcassets in Resources */ = {isa = PBXBuildFile; fileRef = BFDDE7B3228CDBC5002E97CF /* Assets.xcassets */; };
		BFDDE7B7228CDBC5002E97CF /* LaunchScreen.storyboard in Resources */ = {isa = PBXBuildFile; fileRef = BFDDE7B5228CDBC5002E97CF /* LaunchScreen.storyboard */; };
		BFDDE7BA228CDBC5002E97CF /* main.m in Sources */ = {isa = PBXBuildFile; fileRef = BFDDE7B9228CDBC5002E97CF /* main.m */; };
		BFDDE7C2228CDC59002E97CF /* CTMainMenu.m in Sources */ = {isa = PBXBuildFile; fileRef = BFDDE7C1228CDC59002E97CF /* CTMainMenu.m */; };
		BFDDE7C5228CE3D9002E97CF /* CTOnOffMenu.m in Sources */ = {isa = PBXBuildFile; fileRef = BFDDE7C4228CE3D9002E97CF /* CTOnOffMenu.m */; };
/* End PBXBuildFile section */

/* Begin PBXFileReference section */
		BF2E29AA228F23E400AA2E50 /* CTEditMenu.h */ = {isa = PBXFileReference; lastKnownFileType = sourcecode.c.h; path = CTEditMenu.h; sourceTree = "<group>"; };
		BF2E29AB228F23E400AA2E50 /* CTEditMenu.m */ = {isa = PBXFileReference; lastKnownFileType = sourcecode.c.objc; path = CTEditMenu.m; sourceTree = "<group>"; };
		BF2E29AD228F243600AA2E50 /* CTPresetMenu.h */ = {isa = PBXFileReference; lastKnownFileType = sourcecode.c.h; path = CTPresetMenu.h; sourceTree = "<group>"; };
		BF2E29AE228F243600AA2E50 /* CTPresetMenu.m */ = {isa = PBXFileReference; lastKnownFileType = sourcecode.c.objc; path = CTPresetMenu.m; sourceTree = "<group>"; };
		BF2E29B0228F244F00AA2E50 /* CTSelectMenu.h */ = {isa = PBXFileReference; lastKnownFileType = sourcecode.c.h; path = CTSelectMenu.h; sourceTree = "<group>"; };
		BF2E29B1228F244F00AA2E50 /* CTSelectMenu.m */ = {isa = PBXFileReference; lastKnownFileType = sourcecode.c.objc; path = CTSelectMenu.m; sourceTree = "<group>"; };
		BF2E29B3228F2F8600AA2E50 /* CTColorTimeMenu.h */ = {isa = PBXFileReference; lastKnownFileType = sourcecode.c.h; path = CTColorTimeMenu.h; sourceTree = "<group>"; };
		BF2E29B4228F2F8600AA2E50 /* CTColorTimeMenu.m */ = {isa = PBXFileReference; lastKnownFileType = sourcecode.c.objc; path = CTColorTimeMenu.m; sourceTree = "<group>"; };
		BFD06D3B2294632600396634 /* CTUIWrapper.xib */ = {isa = PBXFileReference; lastKnownFileType = file.xib; path = CTUIWrapper.xib; sourceTree = "<group>"; };
		BFD06D3D229463C300396634 /* CTUIWrapper.h */ = {isa = PBXFileReference; lastKnownFileType = sourcecode.c.h; path = CTUIWrapper.h; sourceTree = "<group>"; };
		BFD06D3E229463C300396634 /* CTUIWrapper.m */ = {isa = PBXFileReference; lastKnownFileType = sourcecode.c.objc; path = CTUIWrapper.m; sourceTree = "<group>"; };
		BFDDE7A7228CDBC5002E97CF /* ColorTimeUserInterfaceToolbar.app */ = {isa = PBXFileReference; explicitFileType = wrapper.application; includeInIndex = 0; path = ColorTimeUserInterfaceToolbar.app; sourceTree = BUILT_PRODUCTS_DIR; };
		BFDDE7AA228CDBC5002E97CF /* AppDelegate.h */ = {isa = PBXFileReference; lastKnownFileType = sourcecode.c.h; path = AppDelegate.h; sourceTree = "<group>"; };
		BFDDE7AB228CDBC5002E97CF /* AppDelegate.m */ = {isa = PBXFileReference; lastKnownFileType = sourcecode.c.objc; path = AppDelegate.m; sourceTree = "<group>"; };
		BFDDE7AD228CDBC5002E97CF /* ViewController.h */ = {isa = PBXFileReference; lastKnownFileType = sourcecode.c.h; path = ViewController.h; sourceTree = "<group>"; };
		BFDDE7AE228CDBC5002E97CF /* ViewController.m */ = {isa = PBXFileReference; lastKnownFileType = sourcecode.c.objc; path = ViewController.m; sourceTree = "<group>"; };
		BFDDE7B1228CDBC5002E97CF /* Base */ = {isa = PBXFileReference; lastKnownFileType = file.storyboard; name = Base; path = Base.lproj/Main.storyboard; sourceTree = "<group>"; };
		BFDDE7B3228CDBC5002E97CF /* Assets.xcassets */ = {isa = PBXFileReference; lastKnownFileType = folder.assetcatalog; path = Assets.xcassets; sourceTree = "<group>"; };
		BFDDE7B6228CDBC5002E97CF /* Base */ = {isa = PBXFileReference; lastKnownFileType = file.storyboard; name = Base; path = Base.lproj/LaunchScreen.storyboard; sourceTree = "<group>"; };
		BFDDE7B8228CDBC5002E97CF /* Info.plist */ = {isa = PBXFileReference; lastKnownFileType = text.plist.xml; path = Info.plist; sourceTree = "<group>"; };
		BFDDE7B9228CDBC5002E97CF /* main.m */ = {isa = PBXFileReference; lastKnownFileType = sourcecode.c.objc; path = main.m; sourceTree = "<group>"; };
		BFDDE7C0228CDC59002E97CF /* CTMainMenu.h */ = {isa = PBXFileReference; lastKnownFileType = sourcecode.c.h; path = CTMainMenu.h; sourceTree = "<group>"; };
		BFDDE7C1228CDC59002E97CF /* CTMainMenu.m */ = {isa = PBXFileReference; lastKnownFileType = sourcecode.c.objc; path = CTMainMenu.m; sourceTree = "<group>"; };
		BFDDE7C3228CE3D9002E97CF /* CTOnOffMenu.h */ = {isa = PBXFileReference; lastKnownFileType = sourcecode.c.h; path = CTOnOffMenu.h; sourceTree = "<group>"; };
		BFDDE7C4228CE3D9002E97CF /* CTOnOffMenu.m */ = {isa = PBXFileReference; lastKnownFileType = sourcecode.c.objc; path = CTOnOffMenu.m; sourceTree = "<group>"; };
/* End PBXFileReference section */

/* Begin PBXFrameworksBuildPhase section */
		BFDDE7A4228CDBC5002E97CF /* Frameworks */ = {
			isa = PBXFrameworksBuildPhase;
			buildActionMask = 2147483647;
			files = (
			);
			runOnlyForDeploymentPostprocessing = 0;
		};
/* End PBXFrameworksBuildPhase section */

/* Begin PBXGroup section */
		BFDDE79E228CDBC5002E97CF = {
			isa = PBXGroup;
			children = (
				BFDDE7A9228CDBC5002E97CF /* ColorTimeUserInterfaceToolbar */,
				BFDDE7A8228CDBC5002E97CF /* Products */,
			);
			sourceTree = "<group>";
		};
		BFDDE7A8228CDBC5002E97CF /* Products */ = {
			isa = PBXGroup;
			children = (
				BFDDE7A7228CDBC5002E97CF /* ColorTimeUserInterfaceToolbar.app */,
			);
			name = Products;
			sourceTree = "<group>";
		};
		BFDDE7A9228CDBC5002E97CF /* ColorTimeUserInterfaceToolbar */ = {
			isa = PBXGroup;
			children = (
				BFDDE7AA228CDBC5002E97CF /* AppDelegate.h */,
				BFDDE7AB228CDBC5002E97CF /* AppDelegate.m */,
				BFDDE7AD228CDBC5002E97CF /* ViewController.h */,
				BFDDE7AE228CDBC5002E97CF /* ViewController.m */,
				BFDDE7B0228CDBC5002E97CF /* Main.storyboard */,
				BFDDE7B3228CDBC5002E97CF /* Assets.xcassets */,
				BFDDE7B5228CDBC5002E97CF /* LaunchScreen.storyboard */,
				BFDDE7B8228CDBC5002E97CF /* Info.plist */,
				BFDDE7B9228CDBC5002E97CF /* main.m */,
				BFDDE7C0228CDC59002E97CF /* CTMainMenu.h */,
				BFDDE7C1228CDC59002E97CF /* CTMainMenu.m */,
				BFDDE7C3228CE3D9002E97CF /* CTOnOffMenu.h */,
				BFDDE7C4228CE3D9002E97CF /* CTOnOffMenu.m */,
				BF2E29AA228F23E400AA2E50 /* CTEditMenu.h */,
				BF2E29AB228F23E400AA2E50 /* CTEditMenu.m */,
				BF2E29B3228F2F8600AA2E50 /* CTColorTimeMenu.h */,
				BF2E29B4228F2F8600AA2E50 /* CTColorTimeMenu.m */,
				BF2E29AD228F243600AA2E50 /* CTPresetMenu.h */,
				BF2E29AE228F243600AA2E50 /* CTPresetMenu.m */,
				BF2E29B0228F244F00AA2E50 /* CTSelectMenu.h */,
				BF2E29B1228F244F00AA2E50 /* CTSelectMenu.m */,
				BFD06D3B2294632600396634 /* CTUIWrapper.xib */,
				BFD06D3D229463C300396634 /* CTUIWrapper.h */,
				BFD06D3E229463C300396634 /* CTUIWrapper.m */,
			);
			path = ColorTimeUserInterfaceToolbar;
			sourceTree = "<group>";
		};
/* End PBXGroup section */

/* Begin PBXNativeTarget section */
		BFDDE7A6228CDBC5002E97CF /* ColorTimeUserInterfaceToolbar */ = {
			isa = PBXNativeTarget;
			buildConfigurationList = BFDDE7BD228CDBC5002E97CF /* Build configuration list for PBXNativeTarget "ColorTimeUserInterfaceToolbar" */;
			buildPhases = (
				BFDDE7A3228CDBC5002E97CF /* Sources */,
				BFDDE7A4228CDBC5002E97CF /* Frameworks */,
				BFDDE7A5228CDBC5002E97CF /* Resources */,
			);
			buildRules = (
			);
			dependencies = (
			);
			name = ColorTimeUserInterfaceToolbar;
			productName = ColorTimeUserInterfaceToolbar;
			productReference = BFDDE7A7228CDBC5002E97CF /* ColorTimeUserInterfaceToolbar.app */;
			productType = "com.apple.product-type.application";
		};
/* End PBXNativeTarget section */

/* Begin PBXProject section */
		BFDDE79F228CDBC5002E97CF /* Project object */ = {
			isa = PBXProject;
			attributes = {
				LastUpgradeCheck = 1020;
				ORGANIZATIONNAME = "Kyung Chang";
				TargetAttributes = {
					BFDDE7A6228CDBC5002E97CF = {
						CreatedOnToolsVersion = 10.2.1;
					};
				};
			};
			buildConfigurationList = BFDDE7A2228CDBC5002E97CF /* Build configuration list for PBXProject "ColorTimeUserInterfaceToolbar" */;
			compatibilityVersion = "Xcode 9.3";
			developmentRegion = en;
			hasScannedForEncodings = 0;
			knownRegions = (
				en,
				Base,
			);
			mainGroup = BFDDE79E228CDBC5002E97CF;
			productRefGroup = BFDDE7A8228CDBC5002E97CF /* Products */;
			projectDirPath = "";
			projectRoot = "";
			targets = (
				BFDDE7A6228CDBC5002E97CF /* ColorTimeUserInterfaceToolbar */,
			);
		};
/* End PBXProject section */

/* Begin PBXResourcesBuildPhase section */
		BFDDE7A5228CDBC5002E97CF /* Resources */ = {
			isa = PBXResourcesBuildPhase;
			buildActionMask = 2147483647;
			files = (
				BFDDE7B7228CDBC5002E97CF /* LaunchScreen.storyboard in Resources */,
				BFDDE7B4228CDBC5002E97CF /* Assets.xcassets in Resources */,
				BFD06D3C2294632600396634 /* CTUIWrapper.xib in Resources */,
				BFDDE7B2228CDBC5002E97CF /* Main.storyboard in Resources */,
			);
			runOnlyForDeploymentPostprocessing = 0;
		};
/* End PBXResourcesBuildPhase section */

/* Begin PBXSourcesBuildPhase section */
		BFDDE7A3228CDBC5002E97CF /* Sources */ = {
			isa = PBXSourcesBuildPhase;
			buildActionMask = 2147483647;
			files = (
				BFDDE7C2228CDC59002E97CF /* CTMainMenu.m in Sources */,
				BFDDE7C5228CE3D9002E97CF /* CTOnOffMenu.m in Sources */,
				BFDDE7AF228CDBC5002E97CF /* ViewController.m in Sources */,
				BFDDE7BA228CDBC5002E97CF /* main.m in Sources */,
				BFD06D3F229463C300396634 /* CTUIWrapper.m in Sources */,
				BF2E29AC228F23E400AA2E50 /* CTEditMenu.m in Sources */,
				BF2E29B5228F2F8600AA2E50 /* CTColorTimeMenu.m in Sources */,
				BF2E29B2228F244F00AA2E50 /* CTSelectMenu.m in Sources */,
				BFDDE7AC228CDBC5002E97CF /* AppDelegate.m in Sources */,
				BF2E29AF228F243600AA2E50 /* CTPresetMenu.m in Sources */,
			);
			runOnlyForDeploymentPostprocessing = 0;
		};
/* End PBXSourcesBuildPhase section */

/* Begin PBXVariantGroup section */
		BFDDE7B0228CDBC5002E97CF /* Main.storyboard */ = {
			isa = PBXVariantGroup;
			children = (
				BFDDE7B1228CDBC5002E97CF /* Base */,
			);
			name = Main.storyboard;
			sourceTree = "<group>";
		};
		BFDDE7B5228CDBC5002E97CF /* LaunchScreen.storyboard */ = {
			isa = PBXVariantGroup;
			children = (
				BFDDE7B6228CDBC5002E97CF /* Base */,
			);
			name = LaunchScreen.storyboard;
			sourceTree = "<group>";
		};
/* End PBXVariantGroup section */

/* Begin XCBuildConfiguration section */
		BFDDE7BB228CDBC5002E97CF /* Debug */ = {
			isa = XCBuildConfiguration;
			buildSettings = {
				ALWAYS_SEARCH_USER_PATHS = NO;
				CLANG_ANALYZER_NONNULL = YES;
				CLANG_ANALYZER_NUMBER_OBJECT_CONVERSION = YES_AGGRESSIVE;
				CLANG_CXX_LANGUAGE_STANDARD = "gnu++14";
				CLANG_CXX_LIBRARY = "libc++";
				CLANG_ENABLE_MODULES = YES;
				CLANG_ENABLE_OBJC_ARC = YES;
				CLANG_ENABLE_OBJC_WEAK = YES;
				CLANG_WARN_BLOCK_CAPTURE_AUTORELEASING = YES;
				CLANG_WARN_BOOL_CONVERSION = YES;
				CLANG_WARN_COMMA = YES;
				CLANG_WARN_CONSTANT_CONVERSION = YES;
				CLANG_WARN_DEPRECATED_OBJC_IMPLEMENTATIONS = YES;
				CLANG_WARN_DIRECT_OBJC_ISA_USAGE = YES_ERROR;
				CLANG_WARN_DOCUMENTATION_COMMENTS = YES;
				CLANG_WARN_EMPTY_BODY = YES;
				CLANG_WARN_ENUM_CONVERSION = YES;
				CLANG_WARN_INFINITE_RECURSION = YES;
				CLANG_WARN_INT_CONVERSION = YES;
				CLANG_WARN_NON_LITERAL_NULL_CONVERSION = YES;
				CLANG_WARN_OBJC_IMPLICIT_RETAIN_SELF = YES;
				CLANG_WARN_OBJC_LITERAL_CONVERSION = YES;
				CLANG_WARN_OBJC_ROOT_CLASS = YES_ERROR;
				CLANG_WARN_RANGE_LOOP_ANALYSIS = YES;
				CLANG_WARN_STRICT_PROTOTYPES = YES;
				CLANG_WARN_SUSPICIOUS_MOVE = YES;
				CLANG_WARN_UNGUARDED_AVAILABILITY = YES_AGGRESSIVE;
				CLANG_WARN_UNREACHABLE_CODE = YES;
				CLANG_WARN__DUPLICATE_METHOD_MATCH = YES;
				CODE_SIGN_IDENTITY = "iPhone Developer";
				COPY_PHASE_STRIP = NO;
				DEBUG_INFORMATION_FORMAT = dwarf;
				ENABLE_STRICT_OBJC_MSGSEND = YES;
				ENABLE_TESTABILITY = YES;
				GCC_C_LANGUAGE_STANDARD = gnu11;
				GCC_DYNAMIC_NO_PIC = NO;
				GCC_NO_COMMON_BLOCKS = YES;
				GCC_OPTIMIZATION_LEVEL = 0;
				GCC_PREPROCESSOR_DEFINITIONS = (
					"DEBUG=1",
					"$(inherited)",
				);
				GCC_WARN_64_TO_32_BIT_CONVERSION = YES;
				GCC_WARN_ABOUT_RETURN_TYPE = YES_ERROR;
				GCC_WARN_UNDECLARED_SELECTOR = YES;
				GCC_WARN_UNINITIALIZED_AUTOS = YES_AGGRESSIVE;
				GCC_WARN_UNUSED_FUNCTION = YES;
				GCC_WARN_UNUSED_VARIABLE = YES;
				IPHONEOS_DEPLOYMENT_TARGET = 12.2;
				MTL_ENABLE_DEBUG_INFO = INCLUDE_SOURCE;
				MTL_FAST_MATH = YES;
				ONLY_ACTIVE_ARCH = YES;
				SDKROOT = iphoneos;
			};
			name = Debug;
		};
		BFDDE7BC228CDBC5002E97CF /* Release */ = {
			isa = XCBuildConfiguration;
			buildSettings = {
				ALWAYS_SEARCH_USER_PATHS = NO;
				CLANG_ANALYZER_NONNULL = YES;
				CLANG_ANALYZER_NUMBER_OBJECT_CONVERSION = YES_AGGRESSIVE;
				CLANG_CXX_LANGUAGE_STANDARD = "gnu++14";
				CLANG_CXX_LIBRARY = "libc++";
				CLANG_ENABLE_MODULES = YES;
				CLANG_ENABLE_OBJC_ARC = YES;
				CLANG_ENABLE_OBJC_WEAK = YES;
				CLANG_WARN_BLOCK_CAPTURE_AUTORELEASING = YES;
				CLANG_WARN_BOOL_CONVERSION = YES;
				CLANG_WARN_COMMA = YES;
				CLANG_WARN_CONSTANT_CONVERSION = YES;
				CLANG_WARN_DEPRECATED_OBJC_IMPLEMENTATIONS = YES;
				CLANG_WARN_DIRECT_OBJC_ISA_USAGE = YES_ERROR;
				CLANG_WARN_DOCUMENTATION_COMMENTS = YES;
				CLANG_WARN_EMPTY_BODY = YES;
				CLANG_WARN_ENUM_CONVERSION = YES;
				CLANG_WARN_INFINITE_RECURSION = YES;
				CLANG_WARN_INT_CONVERSION = YES;
				CLANG_WARN_NON_LITERAL_NULL_CONVERSION = YES;
				CLANG_WARN_OBJC_IMPLICIT_RETAIN_SELF = YES;
				CLANG_WARN_OBJC_LITERAL_CONVERSION = YES;
				CLANG_WARN_OBJC_ROOT_CLASS = YES_ERROR;
				CLANG_WARN_RANGE_LOOP_ANALYSIS = YES;
				CLANG_WARN_STRICT_PROTOTYPES = YES;
				CLANG_WARN_SUSPICIOUS_MOVE = YES;
				CLANG_WARN_UNGUARDED_AVAILABILITY = YES_AGGRESSIVE;
				CLANG_WARN_UNREACHABLE_CODE = YES;
				CLANG_WARN__DUPLICATE_METHOD_MATCH = YES;
				CODE_SIGN_IDENTITY = "iPhone Developer";
				COPY_PHASE_STRIP = NO;
				DEBUG_INFORMATION_FORMAT = "dwarf-with-dsym";
				ENABLE_NS_ASSERTIONS = NO;
				ENABLE_STRICT_OBJC_MSGSEND = YES;
				GCC_C_LANGUAGE_STANDARD = gnu11;
				GCC_NO_COMMON_BLOCKS = YES;
				GCC_WARN_64_TO_32_BIT_CONVERSION = YES;
				GCC_WARN_ABOUT_RETURN_TYPE = YES_ERROR;
				GCC_WARN_UNDECLARED_SELECTOR = YES;
				GCC_WARN_UNINITIALIZED_AUTOS = YES_AGGRESSIVE;
				GCC_WARN_UNUSED_FUNCTION = YES;
				GCC_WARN_UNUSED_VARIABLE = YES;
				IPHONEOS_DEPLOYMENT_TARGET = 12.2;
				MTL_ENABLE_DEBUG_INFO = NO;
				MTL_FAST_MATH = YES;
				SDKROOT = iphoneos;
				VALIDATE_PRODUCT = YES;
			};
			name = Release;
		};
		BFDDE7BE228CDBC5002E97CF /* Debug */ = {
			isa = XCBuildConfiguration;
			buildSettings = {
				ASSETCATALOG_COMPILER_APPICON_NAME = AppIcon;
				CODE_SIGN_STYLE = Automatic;
				DEVELOPMENT_TEAM = P82N9AW676;
				INFOPLIST_FILE = ColorTimeUserInterfaceToolbar/Info.plist;
				LD_RUNPATH_SEARCH_PATHS = (
					"$(inherited)",
					"@executable_path/Frameworks",
				);
				PRODUCT_BUNDLE_IDENTIFIER = kyung.ColorTimeUserInterfaceToolbar;
				PRODUCT_NAME = "$(TARGET_NAME)";
				TARGETED_DEVICE_FAMILY = "1,2";
			};
			name = Debug;
		};
		BFDDE7BF228CDBC5002E97CF /* Release */ = {
			isa = XCBuildConfiguration;
			buildSettings = {
				ASSETCATALOG_COMPILER_APPICON_NAME = AppIcon;
				CODE_SIGN_STYLE = Automatic;
				DEVELOPMENT_TEAM = P82N9AW676;
				INFOPLIST_FILE = ColorTimeUserInterfaceToolbar/Info.plist;
				LD_RUNPATH_SEARCH_PATHS = (
					"$(inherited)",
					"@executable_path/Frameworks",
				);
				PRODUCT_BUNDLE_IDENTIFIER = kyung.ColorTimeUserInterfaceToolbar;
				PRODUCT_NAME = "$(TARGET_NAME)";
				TARGETED_DEVICE_FAMILY = "1,2";
			};
			name = Release;
		};
/* End XCBuildConfiguration section */

/* Begin XCConfigurationList section */
		BFDDE7A2228CDBC5002E97CF /* Build configuration list for PBXProject "ColorTimeUserInterfaceToolbar" */ = {
			isa = XCConfigurationList;
			buildConfigurations = (
				BFDDE7BB228CDBC5002E97CF /* Debug */,
				BFDDE7BC228CDBC5002E97CF /* Release */,
			);
			defaultConfigurationIsVisible = 0;
			defaultConfigurationName = Release;
		};
		BFDDE7BD228CDBC5002E97CF /* Build configuration list for PBXNativeTarget "ColorTimeUserInterfaceToolbar" */ = {
			isa = XCConfigurationList;
			buildConfigurations = (
				BFDDE7BE228CDBC5002E97CF /* Debug */,
				BFDDE7BF228CDBC5002E97CF /* Release */,
			);
			defaultConfigurationIsVisible = 0;
			defaultConfigurationName = Release;
		};
/* End XCConfigurationList section */
	};
	rootObject = BFDDE79F228CDBC5002E97CF /* Project object */;
}
